[[tools.mkcert]]
version = "1.4.4"
backend = "aqua:FiloSottile/mkcert"
"platforms.linux-arm64" = { url = "https://github.com/FiloSottile/mkcert/releases/download/v1.4.4/mkcert-v1.4.4-linux-arm64"}
"platforms.linux-x64" = { url = "https://github.com/FiloSottile/mkcert/releases/download/v1.4.4/mkcert-v1.4.4-linux-amd64"}
"platforms.macos-arm64" = { url = "https://github.com/FiloSottile/mkcert/releases/download/v1.4.4/mkcert-v1.4.4-darwin-arm64"}
"platforms.macos-x64" = { url = "https://github.com/FiloSottile/mkcert/releases/download/v1.4.4/mkcert-v1.4.4-darwin-amd64"}
"platforms.windows-x64" = { url = "https://github.com/FiloSottile/mkcert/releases/download/v1.4.4/mkcert-v1.4.4-windows-amd64.exe"}

[[tools.node]]
version = "24.3.0"
backend = "core:node"
"platforms.macos-arm64" = { checksum = "sha256:fee91aa5febeda47ef9f6c0afd2f2bcd3dacb0e656c29de0b5274e0ea1ca3565", url = "https://nodejs.org/dist/v24.3.0/node-v24.3.0-darwin-arm64.tar.gz"}

[[tools.pnpm]]
version = "10.11.0"
backend = "aqua:pnpm/pnpm"

[[tools.semver]]
version = "3.3.0"
backend = "vfox:mise-plugins/vfox-semver"
"platforms.linux-arm64" = { url = "https://raw.githubusercontent.com/fsaintjacques/semver-tool/3.3.0/src/semver"}
"platforms.linux-x64" = { url = "https://raw.githubusercontent.com/fsaintjacques/semver-tool/3.3.0/src/semver"}
"platforms.macos-arm64" = { url = "https://raw.githubusercontent.com/fsaintjacques/semver-tool/3.3.0/src/semver"}
"platforms.macos-x64" = { url = "https://raw.githubusercontent.com/fsaintjacques/semver-tool/3.3.0/src/semver"}
"platforms.windows-x64" = { url = "https://raw.githubusercontent.com/fsaintjacques/semver-tool/3.3.0/src/semver"}
